
Microsoft Visual Studio Solution File, Format Version 12.00
# Visual Studio 15
VisualStudioVersion = 15.0.26430.15
MinimumVisualStudioVersion = 10.0.40219.1
Project("{8BC9CEB8-8B4A-11D0-8D11-00A0C91BC942}") = "b2fJ-c64", "b2fJ-c64\b2fJ-c64.vcxproj", "{3521F9EA-C667-4044-B816-8D484BA3E3C3}"
EndProject
Project("{8BC9CEB8-8B4A-11D0-8D11-00A0C91BC942}") = "util", "util\util.vcxproj", "{A283F4C3-BB0F-43E3-81E2-A8139A3C7960}"
EndProject
Project("{2150E333-8FDC-42A3-9474-1A3956D46DE8}") = "misc", "misc", "{F6061B03-D731-4C63-B5A0-D831A7C03D8C}"
	ProjectSection(SolutionItems) = preProject
		..\..\distr\src\build.xml = ..\..\distr\src\build.xml
		..\..\docs\index_new.md = ..\..\docs\index_new.md
	EndProjectSection
EndProject
Project("{2150E333-8FDC-42A3-9474-1A3956D46DE8}") = "notes", "notes", "{761D72D2-791B-4BFB-AF7F-2A5FF7B1CD82}"
	ProjectSection(SolutionItems) = preProject
		..\..\..\C64 Debug.txt = ..\..\..\C64 Debug.txt
		..\..\..\COMPILE_VM.txt = ..\..\..\COMPILE_VM.txt
		..\..\..\COMPILE_VM_CC65.txt = ..\..\..\COMPILE_VM_CC65.txt
		..\..\..\NOTES.txt = ..\..\..\NOTES.txt
		..\..\..\TODO.txt = ..\..\..\TODO.txt
	EndProjectSection
EndProject
Project("{2150E333-8FDC-42A3-9474-1A3956D46DE8}") = "bin", "bin", "{893F9F25-DB50-43F0-B7E8-FA22A78FABCE}"
	ProjectSection(SolutionItems) = preProject
		..\..\distr\bin\b2fJc.bat = ..\..\distr\bin\b2fJc.bat
		..\..\distr\bin\b2fJGO.bat = ..\..\distr\bin\b2fJGO.bat
		..\..\distr\bin\b2fJl.bat = ..\..\distr\bin\b2fJl.bat
		..\..\distr\bin\makeJVM.bat = ..\..\distr\bin\makeJVM.bat
	EndProjectSection
EndProject
Project("{2150E333-8FDC-42A3-9474-1A3956D46DE8}") = "test", "test", "{8DF87B3F-E735-4503-827E-5A77BBE163D6}"
	ProjectSection(SolutionItems) = preProject
		..\test\HelloWorld.java = ..\test\HelloWorld.java
		..\test\Sprite.java = ..\test\Sprite.java
		..\test\TestExceptions.java = ..\test\TestExceptions.java
		..\test\TS.java = ..\test\TS.java
	EndProjectSection
EndProject
Project("{8BC9CEB8-8B4A-11D0-8D11-00A0C91BC942}") = "ascii", "ascii\ascii.vcxproj", "{9A136C9D-FE57-4333-BA27-BB8E5C910A7C}"
EndProject
Project("{2150E333-8FDC-42A3-9474-1A3956D46DE8}") = "for release", "for release", "{ABE9FDAF-19B3-4F8F-8F9A-35138B649D7D}"
	ProjectSection(SolutionItems) = preProject
		..\..\release\build.xml = ..\..\release\build.xml
		..\..\distr\src\java\tools\js\tinyvm\TinyVMConstants.java = ..\..\distr\src\java\tools\js\tinyvm\TinyVMConstants.java
	EndProjectSection
EndProject
Global
	GlobalSection(SolutionConfigurationPlatforms) = preSolution
		Debug|Any CPU = Debug|Any CPU
		Debug|x64 = Debug|x64
		Debug|x86 = Debug|x86
		Release|Any CPU = Release|Any CPU
		Release|x64 = Release|x64
		Release|x86 = Release|x86
	EndGlobalSection
	GlobalSection(ProjectConfigurationPlatforms) = postSolution
		{3521F9EA-C667-4044-B816-8D484BA3E3C3}.Debug|Any CPU.ActiveCfg = Debug|Win32
		{3521F9EA-C667-4044-B816-8D484BA3E3C3}.Debug|x64.ActiveCfg = Debug|x64
		{3521F9EA-C667-4044-B816-8D484BA3E3C3}.Debug|x64.Build.0 = Debug|x64
		{3521F9EA-C667-4044-B816-8D484BA3E3C3}.Debug|x86.ActiveCfg = Debug|Win32
		{3521F9EA-C667-4044-B816-8D484BA3E3C3}.Debug|x86.Build.0 = Debug|Win32
		{3521F9EA-C667-4044-B816-8D484BA3E3C3}.Release|Any CPU.ActiveCfg = Release|Win32
		{3521F9EA-C667-4044-B816-8D484BA3E3C3}.Release|x64.ActiveCfg = Release|x64
		{3521F9EA-C667-4044-B816-8D484BA3E3C3}.Release|x64.Build.0 = Release|x64
		{3521F9EA-C667-4044-B816-8D484BA3E3C3}.Release|x86.ActiveCfg = Release|Win32
		{3521F9EA-C667-4044-B816-8D484BA3E3C3}.Release|x86.Build.0 = Release|Win32
		{A283F4C3-BB0F-43E3-81E2-A8139A3C7960}.Debug|Any CPU.ActiveCfg = Debug|Win32
		{A283F4C3-BB0F-43E3-81E2-A8139A3C7960}.Debug|x64.ActiveCfg = Debug|x64
		{A283F4C3-BB0F-43E3-81E2-A8139A3C7960}.Debug|x64.Build.0 = Debug|x64
		{A283F4C3-BB0F-43E3-81E2-A8139A3C7960}.Debug|x86.ActiveCfg = Debug|Win32
		{A283F4C3-BB0F-43E3-81E2-A8139A3C7960}.Debug|x86.Build.0 = Debug|Win32
		{A283F4C3-BB0F-43E3-81E2-A8139A3C7960}.Release|Any CPU.ActiveCfg = Release|Win32
		{A283F4C3-BB0F-43E3-81E2-A8139A3C7960}.Release|x64.ActiveCfg = Release|x64
		{A283F4C3-BB0F-43E3-81E2-A8139A3C7960}.Release|x64.Build.0 = Release|x64
		{A283F4C3-BB0F-43E3-81E2-A8139A3C7960}.Release|x86.ActiveCfg = Release|Win32
		{A283F4C3-BB0F-43E3-81E2-A8139A3C7960}.Release|x86.Build.0 = Release|Win32
		{9A136C9D-FE57-4333-BA27-BB8E5C910A7C}.Debug|Any CPU.ActiveCfg = Debug|Win32
		{9A136C9D-FE57-4333-BA27-BB8E5C910A7C}.Debug|x64.ActiveCfg = Debug|x64
		{9A136C9D-FE57-4333-BA27-BB8E5C910A7C}.Debug|x64.Build.0 = Debug|x64
		{9A136C9D-FE57-4333-BA27-BB8E5C910A7C}.Debug|x86.ActiveCfg = Debug|Win32
		{9A136C9D-FE57-4333-BA27-BB8E5C910A7C}.Debug|x86.Build.0 = Debug|Win32
		{9A136C9D-FE57-4333-BA27-BB8E5C910A7C}.Release|Any CPU.ActiveCfg = Release|Win32
		{9A136C9D-FE57-4333-BA27-BB8E5C910A7C}.Release|x64.ActiveCfg = Release|x64
		{9A136C9D-FE57-4333-BA27-BB8E5C910A7C}.Release|x64.Build.0 = Release|x64
		{9A136C9D-FE57-4333-BA27-BB8E5C910A7C}.Release|x86.ActiveCfg = Release|Win32
		{9A136C9D-FE57-4333-BA27-BB8E5C910A7C}.Release|x86.Build.0 = Release|Win32
	EndGlobalSection
	GlobalSection(SolutionProperties) = preSolution
		HideSolutionNode = FALSE
	EndGlobalSection
	GlobalSection(NestedProjects) = preSolution
		{761D72D2-791B-4BFB-AF7F-2A5FF7B1CD82} = {F6061B03-D731-4C63-B5A0-D831A7C03D8C}
		{893F9F25-DB50-43F0-B7E8-FA22A78FABCE} = {F6061B03-D731-4C63-B5A0-D831A7C03D8C}
		{8DF87B3F-E735-4503-827E-5A77BBE163D6} = {F6061B03-D731-4C63-B5A0-D831A7C03D8C}
		{ABE9FDAF-19B3-4F8F-8F9A-35138B649D7D} = {F6061B03-D731-4C63-B5A0-D831A7C03D8C}
	EndGlobalSection
EndGlobal
